
Microsoft Visual Studio Solution File, Format Version 12.00
# Visual Studio Version 17
VisualStudioVersion = 17.0.31903.59
MinimumVisualStudioVersion = 10.0.40219.1
Project("{FAE04EC0-301F-11D3-BF4B-00C04F79EFBC}") = "HomeKtv.Windows", "src\HomeKtv.Windows\HomeKtv.Windows.csproj", "{3D16A2F0-6FCE-4F3E-96A4-0A4B5037C401}"
EndProject
Project("{FAE04EC0-301F-11D3-BF4B-00C04F79EFBC}") = "HomeKtv.Windows.Tests", "tests\HomeKtv.Windows.Tests\HomeKtv.Windows.Tests.csproj", "{F3B8E7DA-1E8B-4C6D-9F2F-0E23FAFA0B22}"
EndProject
Global
	GlobalSection(SolutionConfigurationPlatforms) = preSolution
		Debug|Any CPU = Debug|Any CPU
		Release|Any CPU = Release|Any CPU
	EndGlobalSection
	GlobalSection(ProjectConfigurationPlatforms) = postSolution
		{3D16A2F0-6FCE-4F3E-96A4-0A4B5037C401}.Debug|Any CPU.ActiveCfg = Debug|Any CPU
		{3D16A2F0-6FCE-4F3E-96A4-0A4B5037C401}.Debug|Any CPU.Build.0 = Debug|Any CPU
		{3D16A2F0-6FCE-4F3E-96A4-0A4B5037C401}.Release|Any CPU.ActiveCfg = Release|Any CPU
		{3D16A2F0-6FCE-4F3E-96A4-0A4B5037C401}.Release|Any CPU.Build.0 = Release|Any CPU
		{F3B8E7DA-1E8B-4C6D-9F2F-0E23FAFA0B22}.Debug|Any CPU.ActiveCfg = Debug|Any CPU
		{F3B8E7DA-1E8B-4C6D-9F2F-0E23FAFA0B22}.Debug|Any CPU.Build.0 = Debug|Any CPU
		{F3B8E7DA-1E8B-4C6D-9F2F-0E23FAFA0B22}.Release|Any CPU.ActiveCfg = Release|Any CPU
		{F3B8E7DA-1E8B-4C6D-9F2F-0E23FAFA0B22}.Release|Any CPU.Build.0 = Release|Any CPU
	EndGlobalSection
EndGlobal
